
Microsoft Visual Studio Solution File, Format Version 12.00
# Visual Studio Version 17
VisualStudioVersion = 17.0.31903.59
MinimumVisualStudioVersion = 10.0.40219.1
Project("{9A19103F-16F7-4668-BE54-9A1E7A4F7556}") = "CustomerService", "CustomerService\CustomerService.csproj", "{475B417B-B673-4624-811A-9B1F6C998A81}"
EndProject
Project("{9A19103F-16F7-4668-BE54-9A1E7A4F7556}") = "CustomerService.Tests", "CustomerService.Tests\CustomerService.Tests.csproj", "{9F63C465-4C97-46C2-A9C3-406CAB30C17D}"
EndProject
Global
	GlobalSection(SolutionConfigurationPlatforms) = preSolution
		Debug|Any CPU = Debug|Any CPU
		Release|Any CPU = Release|Any CPU
	EndGlobalSection
	GlobalSection(ProjectConfigurationPlatforms) = postSolution
		{475B417B-B673-4624-811A-9B1F6C998A81}.Debug|Any CPU.ActiveCfg = Debug|Any CPU
		{475B417B-B673-4624-811A-9B1F6C998A81}.Debug|Any CPU.Build.0 = Debug|Any CPU
		{475B417B-B673-4624-811A-9B1F6C998A81}.Release|Any CPU.ActiveCfg = Release|Any CPU
		{475B417B-B673-4624-811A-9B1F6C998A81}.Release|Any CPU.Build.0 = Release|Any CPU
		{9F63C465-4C97-46C2-A9C3-406CAB30C17D}.Debug|Any CPU.ActiveCfg = Debug|Any CPU
		{9F63C465-4C97-46C2-A9C3-406CAB30C17D}.Debug|Any CPU.Build.0 = Debug|Any CPU
		{9F63C465-4C97-46C2-A9C3-406CAB30C17D}.Release|Any CPU.ActiveCfg = Release|Any CPU
		{9F63C465-4C97-46C2-A9C3-406CAB30C17D}.Release|Any CPU.Build.0 = Release|Any CPU
	EndGlobalSection
	GlobalSection(SolutionProperties) = preSolution
		HideSolutionNode = FALSE
	EndGlobalSection
	GlobalSection(ExtensibilityGlobals) = postSolution
		SolutionGuid = {C5CE17FD-DE1D-4B28-A937-FB10EA5F54A7}
	EndGlobalSection
EndGlobal
